// !$*UTF8*$!
{
	archiveVersion = 1;
	classes = {
	};
	objectVersion = 77;
	objects = {

/* Begin PBXBuildFile section */
		313433972DCCD57500D0C950 /* AuthenticationServices.framework in Frameworks */ = {isa = PBXBuildFile; fileRef = 313433962DCCD57500D0C950 /* AuthenticationServices.framework */; };
		3134339A2DCCDD5B00D0C950 /* FacebookCore in Frameworks */ = {isa = PBXBuildFile; productRef = 313433992DCCDD5B00D0C950 /* FacebookCore */; };
		3134339C2DCCDD5B00D0C950 /* FacebookGamingServices in Frameworks */ = {isa = PBXBuildFile; productRef = 3134339B2DCCDD5B00D0C950 /* FacebookGamingServices */; };
		3134339E2DCCDD5B00D0C950 /* FacebookLogin in Frameworks */ = {isa = PBXBuildFile; productRef = 3134339D2DCCDD5B00D0C950 /* FacebookLogin */; };
		313433A02DCCDD5B00D0C950 /* FacebookShare in Frameworks */ = {isa = PBXBuildFile; productRef = 3134339F2DCCDD5B00D0C950 /* FacebookShare */; };
		314B75792DC22C1E0045510C /* FirebaseAnalytics in Frameworks */ = {isa = PBXBuildFile; productRef = 314B75782DC22C1E0045510C /* FirebaseAnalytics */; };
		314B757B2DC22C1E0045510C /* FirebaseAnalyticsOnDeviceConversion in Frameworks */ = {isa = PBXBuildFile; productRef = 314B757A2DC22C1E0045510C /* FirebaseAnalyticsOnDeviceConversion */; };
		314B757D2DC22C1E0045510C /* FirebaseAnalyticsWithoutAdIdSupport in Frameworks */ = {isa = PBXBuildFile; productRef = 314B757C2DC22C1E0045510C /* FirebaseAnalyticsWithoutAdIdSupport */; };
		314B757F2DC22C1E0045510C /* FirebaseAppCheck in Frameworks */ = {isa = PBXBuildFile; productRef = 314B757E2DC22C1E0045510C /* FirebaseAppCheck */; };
		314B75812DC22C1E0045510C /* FirebaseAppDistribution-Beta in Frameworks */ = {isa = PBXBuildFile; productRef = 314B75802DC22C1E0045510C /* FirebaseAppDistribution-Beta */; };
		314B75832DC22C1E0045510C /* FirebaseAuth in Frameworks */ = {isa = PBXBuildFile; productRef = 314B75822DC22C1E0045510C /* FirebaseAuth */; };
		314B75852DC22C1E0045510C /* FirebaseAuthCombine-Community in Frameworks */ = {isa = PBXBuildFile; productRef = 314B75842DC22C1E0045510C /* FirebaseAuthCombine-Community */; };
		314B75872DC22C1E0045510C /* FirebaseCore in Frameworks */ = {isa = PBXBuildFile; productRef = 314B75862DC22C1E0045510C /* FirebaseCore */; };
		314B75892DC22C1E0045510C /* FirebaseCrashlytics in Frameworks */ = {isa = PBXBuildFile; productRef = 314B75882DC22C1E0045510C /* FirebaseCrashlytics */; };
		314B758B2DC22C1E0045510C /* FirebaseDatabase in Frameworks */ = {isa = PBXBuildFile; productRef = 314B758A2DC22C1E0045510C /* FirebaseDatabase */; };
		314B758D2DC22C1E0045510C /* FirebaseDynamicLinks in Frameworks */ = {isa = PBXBuildFile; productRef = 314B758C2DC22C1E0045510C /* FirebaseDynamicLinks */; };
		314B758F2DC22C1E0045510C /* FirebaseFirestore in Frameworks */ = {isa = PBXBuildFile; productRef = 314B758E2DC22C1E0045510C /* FirebaseFirestore */; };
		314B75912DC22C1E0045510C /* FirebaseFirestoreCombine-Community in Frameworks */ = {isa = PBXBuildFile; productRef = 314B75902DC22C1E0045510C /* FirebaseFirestoreCombine-Community */; };
		314B75932DC22C1E0045510C /* FirebaseFunctions in Frameworks */ = {isa = PBXBuildFile; productRef = 314B75922DC22C1E0045510C /* FirebaseFunctions */; };
		314B75952DC22C1E0045510C /* FirebaseFunctionsCombine-Community in Frameworks */ = {isa = PBXBuildFile; productRef = 314B75942DC22C1E0045510C /* FirebaseFunctionsCombine-Community */; };
		314B75972DC22C1E0045510C /* FirebaseInAppMessaging-Beta in Frameworks */ = {isa = PBXBuildFile; productRef = 314B75962DC22C1E0045510C /* FirebaseInAppMessaging-Beta */; };
		314B75992DC22C1E0045510C /* FirebaseStorage in Frameworks */ = {isa = PBXBuildFile; productRef = 314B75982DC22C1E0045510C /* FirebaseStorage */; };
		314B759B2DC22C1E0045510C /* FirebaseStorageCombine-Community in Frameworks */ = {isa = PBXBuildFile; productRef = 314B759A2DC22C1E0045510C /* FirebaseStorageCombine-Community */; };
		314B759D2DC22C1E0045510C /* FirebaseVertexAI in Frameworks */ = {isa = PBXBuildFile; productRef = 314B759C2DC22C1E0045510C /* FirebaseVertexAI */; };
		314B75A02DC22F820045510C /* GoogleSignIn in Frameworks */ = {isa = PBXBuildFile; productRef = 314B759F2DC22F820045510C /* GoogleSignIn */; };
		314B75A22DC22F820045510C /* GoogleSignInSwift in Frameworks */ = {isa = PBXBuildFile; productRef = 314B75A12DC22F820045510C /* GoogleSignInSwift */; };
		315840012DDCD6870080BF35 /* FacebookBasics in Frameworks */ = {isa = PBXBuildFile; productRef = 315840002DDCD6870080BF35 /* FacebookBasics */; };
		315840032DDCD8E10080BF35 /* FacebookAEM in Frameworks */ = {isa = PBXBuildFile; productRef = 315840022DDCD8E10080BF35 /* FacebookAEM */; };
		318E42272DE483C100EE47F5 /* Kingfisher in Frameworks */ = {isa = PBXBuildFile; productRef = 318E42262DE483C100EE47F5 /* Kingfisher */; };
/* End PBXBuildFile section */

/* Begin PBXContainerItemProxy section */
		314B75292DC225B70045510C /* PBXContainerItemProxy */ = {
			isa = PBXContainerItemProxy;
			containerPortal = 314B75102DC225B60045510C /* Project object */;
			proxyType = 1;
			remoteGlobalIDString = 314B75172DC225B60045510C;
			remoteInfo = CityScout;
		};
		314B75332DC225B70045510C /* PBXContainerItemProxy */ = {
			isa = PBXContainerItemProxy;
			containerPortal = 314B75102DC225B60045510C /* Project object */;
			proxyType = 1;
			remoteGlobalIDString = 314B75172DC225B60045510C;
			remoteInfo = CityScout;
		};
/* End PBXContainerItemProxy section */

/* Begin PBXFileReference section */
		313433962DCCD57500D0C950 /* AuthenticationServices.framework */ = {isa = PBXFileReference; lastKnownFileType = wrapper.framework; name = AuthenticationServices.framework; path = System/Library/Frameworks/AuthenticationServices.framework; sourceTree = SDKROOT; };
		314B75182DC225B60045510C /* CityScout.app */ = {isa = PBXFileReference; explicitFileType = wrapper.application; includeInIndex = 0; path = CityScout.app; sourceTree = BUILT_PRODUCTS_DIR; };
		314B75282DC225B70045510C /* CityScoutTests.xctest */ = {isa = PBXFileReference; explicitFileType = wrapper.cfbundle; includeInIndex = 0; path = CityScoutTests.xctest; sourceTree = BUILT_PRODUCTS_DIR; };
		314B75322DC225B70045510C /* CityScoutUITests.xctest */ = {isa = PBXFileReference; explicitFileType = wrapper.cfbundle; includeInIndex = 0; path = CityScoutUITests.xctest; sourceTree = BUILT_PRODUCTS_DIR; };
/* End PBXFileReference section */

/* Begin PBXFileSystemSynchronizedBuildFileExceptionSet section */
		311357312DCCFB4E001026CE /* Exceptions for "CityScout" folder in "CityScout" target */ = {
			isa = PBXFileSystemSynchronizedBuildFileExceptionSet;
			membershipExceptions = (
				Info.plist,
			);
			target = 314B75172DC225B60045510C /* CityScout */;
		};
/* End PBXFileSystemSynchronizedBuildFileExceptionSet section */

/* Begin PBXFileSystemSynchronizedRootGroup section */
		314B751A2DC225B60045510C /* CityScout */ = {
			isa = PBXFileSystemSynchronizedRootGroup;
			exceptions = (
				311357312DCCFB4E001026CE /* Exceptions for "CityScout" folder in "CityScout" target */,
			);
			path = CityScout;
			sourceTree = "<group>";
		};
		314B752B2DC225B70045510C /* CityScoutTests */ = {
			isa = PBXFileSystemSynchronizedRootGroup;
			path = CityScoutTests;
			sourceTree = "<group>";
		};
		314B75352DC225B70045510C /* CityScoutUITests */ = {
			isa = PBXFileSystemSynchronizedRootGroup;
			path = CityScoutUITests;
			sourceTree = "<group>";
		};
/* End PBXFileSystemSynchronizedRootGroup section */

/* Begin PBXFrameworksBuildPhase section */
		314B75152DC225B60045510C /* Frameworks */ = {
			isa = PBXFrameworksBuildPhase;
			buildActionMask = 2147483647;
			files = (
				313433972DCCD57500D0C950 /* AuthenticationServices.framework in Frameworks */,
				314B75912DC22C1E0045510C /* FirebaseFirestoreCombine-Community in Frameworks */,
				314B75932DC22C1E0045510C /* FirebaseFunctions in Frameworks */,
				314B758B2DC22C1E0045510C /* FirebaseDatabase in Frameworks */,
				3134339A2DCCDD5B00D0C950 /* FacebookCore in Frameworks */,
				314B758D2DC22C1E0045510C /* FirebaseDynamicLinks in Frameworks */,
				314B757F2DC22C1E0045510C /* FirebaseAppCheck in Frameworks */,
				314B75A02DC22F820045510C /* GoogleSignIn in Frameworks */,
				318E42272DE483C100EE47F5 /* Kingfisher in Frameworks */,
				315840032DDCD8E10080BF35 /* FacebookAEM in Frameworks */,
				314B75832DC22C1E0045510C /* FirebaseAuth in Frameworks */,
				315840012DDCD6870080BF35 /* FacebookBasics in Frameworks */,
				314B75792DC22C1E0045510C /* FirebaseAnalytics in Frameworks */,
				314B758F2DC22C1E0045510C /* FirebaseFirestore in Frameworks */,
				314B75A22DC22F820045510C /* GoogleSignInSwift in Frameworks */,
				314B75952DC22C1E0045510C /* FirebaseFunctionsCombine-Community in Frameworks */,
				314B75812DC22C1E0045510C /* FirebaseAppDistribution-Beta in Frameworks */,
				314B757D2DC22C1E0045510C /* FirebaseAnalyticsWithoutAdIdSupport in Frameworks */,
				3134339C2DCCDD5B00D0C950 /* FacebookGamingServices in Frameworks */,
				313433A02DCCDD5B00D0C950 /* FacebookShare in Frameworks */,
				314B759D2DC22C1E0045510C /* FirebaseVertexAI in Frameworks */,
				314B75972DC22C1E0045510C /* FirebaseInAppMessaging-Beta in Frameworks */,
				314B75992DC22C1E0045510C /* FirebaseStorage in Frameworks */,
				314B75852DC22C1E0045510C /* FirebaseAuthCombine-Community in Frameworks */,
				3134339E2DCCDD5B00D0C950 /* FacebookLogin in Frameworks */,
				314B75892DC22C1E0045510C /* FirebaseCrashlytics in Frameworks */,
				314B75872DC22C1E0045510C /* FirebaseCore in Frameworks */,
				314B759B2DC22C1E0045510C /* FirebaseStorageCombine-Community in Frameworks */,
				314B757B2DC22C1E0045510C /* FirebaseAnalyticsOnDeviceConversion in Frameworks */,
			);
			runOnlyForDeploymentPostprocessing = 0;
		};
		314B75252DC225B70045510C /* Frameworks */ = {
			isa = PBXFrameworksBuildPhase;
			buildActionMask = 2147483647;
			files = (
			);
			runOnlyForDeploymentPostprocessing = 0;
		};
		314B752F2DC225B70045510C /* Frameworks */ = {
			isa = PBXFrameworksBuildPhase;
			buildActionMask = 2147483647;
			files = (
			);
			runOnlyForDeploymentPostprocessing = 0;
		};
/* End PBXFrameworksBuildPhase section */

/* Begin PBXGroup section */
		313433952DCCD57400D0C950 /* Frameworks */ = {
			isa = PBXGroup;
			children = (
				313433962DCCD57500D0C950 /* AuthenticationServices.framework */,
			);
			name = Frameworks;
			sourceTree = "<group>";
		};
		314B750F2DC225B60045510C = {
			isa = PBXGroup;
			children = (
				314B751A2DC225B60045510C /* CityScout */,
				314B752B2DC225B70045510C /* CityScoutTests */,
				314B75352DC225B70045510C /* CityScoutUITests */,
				313433952DCCD57400D0C950 /* Frameworks */,
				314B75192DC225B60045510C /* Products */,
			);
			sourceTree = "<group>";
		};
		314B75192DC225B60045510C /* Products */ = {
			isa = PBXGroup;
			children = (
				314B75182DC225B60045510C /* CityScout.app */,
				314B75282DC225B70045510C /* CityScoutTests.xctest */,
				314B75322DC225B70045510C /* CityScoutUITests.xctest */,
			);
			name = Products;
			sourceTree = "<group>";
		};
/* End PBXGroup section */

/* Begin PBXNativeTarget section */
		314B75172DC225B60045510C /* CityScout */ = {
			isa = PBXNativeTarget;
			buildConfigurationList = 314B753C2DC225B70045510C /* Build configuration list for PBXNativeTarget "CityScout" */;
			buildPhases = (
				314B75142DC225B60045510C /* Sources */,
				314B75152DC225B60045510C /* Frameworks */,
				314B75162DC225B60045510C /* Resources */,
			);
			buildRules = (
			);
			dependencies = (
			);
			fileSystemSynchronizedGroups = (
				314B751A2DC225B60045510C /* CityScout */,
			);
			name = CityScout;
			packageProductDependencies = (
				314B75782DC22C1E0045510C /* FirebaseAnalytics */,
				314B757A2DC22C1E0045510C /* FirebaseAnalyticsOnDeviceConversion */,
				314B757C2DC22C1E0045510C /* FirebaseAnalyticsWithoutAdIdSupport */,
				314B757E2DC22C1E0045510C /* FirebaseAppCheck */,
				314B75802DC22C1E0045510C /* FirebaseAppDistribution-Beta */,
				314B75822DC22C1E0045510C /* FirebaseAuth */,
				314B75842DC22C1E0045510C /* FirebaseAuthCombine-Community */,
				314B75862DC22C1E0045510C /* FirebaseCore */,
				314B75882DC22C1E0045510C /* FirebaseCrashlytics */,
				314B758A2DC22C1E0045510C /* FirebaseDatabase */,
				314B758C2DC22C1E0045510C /* FirebaseDynamicLinks */,
				314B758E2DC22C1E0045510C /* FirebaseFirestore */,
				314B75902DC22C1E0045510C /* FirebaseFirestoreCombine-Community */,
				314B75922DC22C1E0045510C /* FirebaseFunctions */,
				314B75942DC22C1E0045510C /* FirebaseFunctionsCombine-Community */,
				314B75962DC22C1E0045510C /* FirebaseInAppMessaging-Beta */,
				314B75982DC22C1E0045510C /* FirebaseStorage */,
				314B759A2DC22C1E0045510C /* FirebaseStorageCombine-Community */,
				314B759C2DC22C1E0045510C /* FirebaseVertexAI */,
				314B759F2DC22F820045510C /* GoogleSignIn */,
				314B75A12DC22F820045510C /* GoogleSignInSwift */,
				313433992DCCDD5B00D0C950 /* FacebookCore */,
				3134339B2DCCDD5B00D0C950 /* FacebookGamingServices */,
				3134339D2DCCDD5B00D0C950 /* FacebookLogin */,
				3134339F2DCCDD5B00D0C950 /* FacebookShare */,
				315840002DDCD6870080BF35 /* FacebookBasics */,
				315840022DDCD8E10080BF35 /* FacebookAEM */,
				318E42262DE483C100EE47F5 /* Kingfisher */,
			);
			productName = CityScout;
			productReference = 314B75182DC225B60045510C /* CityScout.app */;
			productType = "com.apple.product-type.application";
		};
		314B75272DC225B70045510C /* CityScoutTests */ = {
			isa = PBXNativeTarget;
			buildConfigurationList = 314B753F2DC225B70045510C /* Build configuration list for PBXNativeTarget "CityScoutTests" */;
			buildPhases = (
				314B75242DC225B70045510C /* Sources */,
				314B75252DC225B70045510C /* Frameworks */,
				314B75262DC225B70045510C /* Resources */,
			);
			buildRules = (
			);
			dependencies = (
				314B752A2DC225B70045510C /* PBXTargetDependency */,
			);
			fileSystemSynchronizedGroups = (
				314B752B2DC225B70045510C /* CityScoutTests */,
			);
			name = CityScoutTests;
			packageProductDependencies = (
			);
			productName = CityScoutTests;
			productReference = 314B75282DC225B70045510C /* CityScoutTests.xctest */;
			productType = "com.apple.product-type.bundle.unit-test";
		};
		314B75312DC225B70045510C /* CityScoutUITests */ = {
			isa = PBXNativeTarget;
			buildConfigurationList = 314B75422DC225B70045510C /* Build configuration list for PBXNativeTarget "CityScoutUITests" */;
			buildPhases = (
				314B752E2DC225B70045510C /* Sources */,
				314B752F2DC225B70045510C /* Frameworks */,
				314B75302DC225B70045510C /* Resources */,
			);
			buildRules = (
			);
			dependencies = (
				314B75342DC225B70045510C /* PBXTargetDependency */,
			);
			fileSystemSynchronizedGroups = (
				314B75352DC225B70045510C /* CityScoutUITests */,
			);
			name = CityScoutUITests;
			packageProductDependencies = (
			);
			productName = CityScoutUITests;
			productReference = 314B75322DC225B70045510C /* CityScoutUITests.xctest */;
			productType = "com.apple.product-type.bundle.ui-testing";
		};
/* End PBXNativeTarget section */

/* Begin PBXProject section */
		314B75102DC225B60045510C /* Project object */ = {
			isa = PBXProject;
			attributes = {
				BuildIndependentTargetsInParallel = 1;
				LastSwiftUpdateCheck = 1620;
				LastUpgradeCheck = 1620;
				TargetAttributes = {
					314B75172DC225B60045510C = {
						CreatedOnToolsVersion = 16.2;
					};
					314B75272DC225B70045510C = {
						CreatedOnToolsVersion = 16.2;
						TestTargetID = 314B75172DC225B60045510C;
					};
					314B75312DC225B70045510C = {
						CreatedOnToolsVersion = 16.2;
						TestTargetID = 314B75172DC225B60045510C;
					};
				};
			};
			buildConfigurationList = 314B75132DC225B60045510C /* Build configuration list for PBXProject "CityScout" */;
			developmentRegion = en;
			hasScannedForEncodings = 0;
			knownRegions = (
				en,
				Base,
			);
			mainGroup = 314B750F2DC225B60045510C;
			minimizedProjectReferenceProxies = 1;
			packageReferences = (
				314B75772DC22C1E0045510C /* XCRemoteSwiftPackageReference "firebase-ios-sdk" */,
				314B759E2DC22F820045510C /* XCRemoteSwiftPackageReference "GoogleSignIn-iOS" */,
				313433982DCCDD5B00D0C950 /* XCRemoteSwiftPackageReference "facebook-ios-sdk" */,
				318E42252DE483C100EE47F5 /* XCRemoteSwiftPackageReference "Kingfisher" */,
			);
			preferredProjectObjectVersion = 77;
			productRefGroup = 314B75192DC225B60045510C /* Products */;
			projectDirPath = "";
			projectRoot = "";
			targets = (
				314B75172DC225B60045510C /* CityScout */,
				314B75272DC225B70045510C /* CityScoutTests */,
				314B75312DC225B70045510C /* CityScoutUITests */,
			);
		};
/* End PBXProject section */

/* Begin PBXResourcesBuildPhase section */
		314B75162DC225B60045510C /* Resources */ = {
			isa = PBXResourcesBuildPhase;
			buildActionMask = 2147483647;
			files = (
			);
			runOnlyForDeploymentPostprocessing = 0;
		};
		314B75262DC225B70045510C /* Resources */ = {
			isa = PBXResourcesBuildPhase;
			buildActionMask = 2147483647;
			files = (
			);
			runOnlyForDeploymentPostprocessing = 0;
		};
		314B75302DC225B70045510C /* Resources */ = {
			isa = PBXResourcesBuildPhase;
			buildActionMask = 2147483647;
			files = (
			);
			runOnlyForDeploymentPostprocessing = 0;
		};
/* End PBXResourcesBuildPhase section */

/* Begin PBXSourcesBuildPhase section */
		314B75142DC225B60045510C /* Sources */ = {
			isa = PBXSourcesBuildPhase;
			buildActionMask = 2147483647;
			files = (
			);
			runOnlyForDeploymentPostprocessing = 0;
		};
		314B75242DC225B70045510C /* Sources */ = {
			isa = PBXSourcesBuildPhase;
			buildActionMask = 2147483647;
			files = (
			);
			runOnlyForDeploymentPostprocessing = 0;
		};
		314B752E2DC225B70045510C /* Sources */ = {
			isa = PBXSourcesBuildPhase;
			buildActionMask = 2147483647;
			files = (
			);
			runOnlyForDeploymentPostprocessing = 0;
		};
/* End PBXSourcesBuildPhase section */

/* Begin PBXTargetDependency section */
		314B752A2DC225B70045510C /* PBXTargetDependency */ = {
			isa = PBXTargetDependency;
			target = 314B75172DC225B60045510C /* CityScout */;
			targetProxy = 314B75292DC225B70045510C /* PBXContainerItemProxy */;
		};
		314B75342DC225B70045510C /* PBXTargetDependency */ = {
			isa = PBXTargetDependency;
			target = 314B75172DC225B60045510C /* CityScout */;
			targetProxy = 314B75332DC225B70045510C /* PBXContainerItemProxy */;
		};
/* End PBXTargetDependency section */

/* Begin XCBuildConfiguration section */
		314B753A2DC225B70045510C /* Debug */ = {
			isa = XCBuildConfiguration;
			buildSettings = {
				ALWAYS_SEARCH_USER_PATHS = NO;
				ASSETCATALOG_COMPILER_GENERATE_SWIFT_ASSET_SYMBOL_EXTENSIONS = YES;
				CLANG_ANALYZER_NONNULL = YES;
				CLANG_ANALYZER_NUMBER_OBJECT_CONVERSION = YES_AGGRESSIVE;
				CLANG_CXX_LANGUAGE_STANDARD = "gnu++20";
				CLANG_ENABLE_MODULES = YES;
				CLANG_ENABLE_OBJC_ARC = YES;
				CLANG_ENABLE_OBJC_WEAK = YES;
				CLANG_WARN_BLOCK_CAPTURE_AUTORELEASING = YES;
				CLANG_WARN_BOOL_CONVERSION = YES;
				CLANG_WARN_COMMA = YES;
				CLANG_WARN_CONSTANT_CONVERSION = YES;
				CLANG_WARN_DEPRECATED_OBJC_IMPLEMENTATIONS = YES;
				CLANG_WARN_DIRECT_OBJC_ISA_USAGE = YES_ERROR;
				CLANG_WARN_DOCUMENTATION_COMMENTS = YES;
				CLANG_WARN_EMPTY_BODY = YES;
				CLANG_WARN_ENUM_CONVERSION = YES;
				CLANG_WARN_INFINITE_RECURSION = YES;
				CLANG_WARN_INT_CONVERSION = YES;
				CLANG_WARN_NON_LITERAL_NULL_CONVERSION = YES;
				CLANG_WARN_OBJC_IMPLICIT_RETAIN_SELF = YES;
				CLANG_WARN_OBJC_LITERAL_CONVERSION = YES;
				CLANG_WARN_OBJC_ROOT_CLASS = YES_ERROR;
				CLANG_WARN_QUOTED_INCLUDE_IN_FRAMEWORK_HEADER = YES;
				CLANG_WARN_RANGE_LOOP_ANALYSIS = YES;
				CLANG_WARN_STRICT_PROTOTYPES = YES;
				CLANG_WARN_SUSPICIOUS_MOVE = YES;
				CLANG_WARN_UNGUARDED_AVAILABILITY = YES_AGGRESSIVE;
				CLANG_WARN_UNREACHABLE_CODE = YES;
				CLANG_WARN__DUPLICATE_METHOD_MATCH = YES;
				COPY_PHASE_STRIP = NO;
				DEBUG_INFORMATION_FORMAT = dwarf;
				ENABLE_STRICT_OBJC_MSGSEND = YES;
				ENABLE_TESTABILITY = YES;
				ENABLE_USER_SCRIPT_SANDBOXING = YES;
				GCC_C_LANGUAGE_STANDARD = gnu17;
				GCC_DYNAMIC_NO_PIC = NO;
				GCC_NO_COMMON_BLOCKS = YES;
				GCC_OPTIMIZATION_LEVEL = 0;
				GCC_PREPROCESSOR_DEFINITIONS = (
					"DEBUG=1",
					"$(inherited)",
				);
				GCC_WARN_64_TO_32_BIT_CONVERSION = YES;
				GCC_WARN_ABOUT_RETURN_TYPE = YES_ERROR;
				GCC_WARN_UNDECLARED_SELECTOR = YES;
				GCC_WARN_UNINITIALIZED_AUTOS = YES_AGGRESSIVE;
				GCC_WARN_UNUSED_FUNCTION = YES;
				GCC_WARN_UNUSED_VARIABLE = YES;
				IPHONEOS_DEPLOYMENT_TARGET = 18.2;
				LOCALIZATION_PREFERS_STRING_CATALOGS = YES;
				MTL_ENABLE_DEBUG_INFO = INCLUDE_SOURCE;
				MTL_FAST_MATH = YES;
				ONLY_ACTIVE_ARCH = YES;
				SDKROOT = iphoneos;
				SWIFT_ACTIVE_COMPILATION_CONDITIONS = "DEBUG $(inherited)";
				SWIFT_OPTIMIZATION_LEVEL = "-Onone";
			};
			name = Debug;
		};
		314B753B2DC225B70045510C /* Release */ = {
			isa = XCBuildConfiguration;
			buildSettings = {
				ALWAYS_SEARCH_USER_PATHS = NO;
				ASSETCATALOG_COMPILER_GENERATE_SWIFT_ASSET_SYMBOL_EXTENSIONS = YES;
				CLANG_ANALYZER_NONNULL = YES;
				CLANG_ANALYZER_NUMBER_OBJECT_CONVERSION = YES_AGGRESSIVE;
				CLANG_CXX_LANGUAGE_STANDARD = "gnu++20";
				CLANG_ENABLE_MODULES = YES;
				CLANG_ENABLE_OBJC_ARC = YES;
				CLANG_ENABLE_OBJC_WEAK = YES;
				CLANG_WARN_BLOCK_CAPTURE_AUTORELEASING = YES;
				CLANG_WARN_BOOL_CONVERSION = YES;
				CLANG_WARN_COMMA = YES;
				CLANG_WARN_CONSTANT_CONVERSION = YES;
				CLANG_WARN_DEPRECATED_OBJC_IMPLEMENTATIONS = YES;
				CLANG_WARN_DIRECT_OBJC_ISA_USAGE = YES_ERROR;
				CLANG_WARN_DOCUMENTATION_COMMENTS = YES;
				CLANG_WARN_EMPTY_BODY = YES;
				CLANG_WARN_ENUM_CONVERSION = YES;
				CLANG_WARN_INFINITE_RECURSION = YES;
				CLANG_WARN_INT_CONVERSION = YES;
				CLANG_WARN_NON_LITERAL_NULL_CONVERSION = YES;
				CLANG_WARN_OBJC_IMPLICIT_RETAIN_SELF = YES;
				CLANG_WARN_OBJC_LITERAL_CONVERSION = YES;
				CLANG_WARN_OBJC_ROOT_CLASS = YES_ERROR;
				CLANG_WARN_QUOTED_INCLUDE_IN_FRAMEWORK_HEADER = YES;
				CLANG_WARN_RANGE_LOOP_ANALYSIS = YES;
				CLANG_WARN_STRICT_PROTOTYPES = YES;
				CLANG_WARN_SUSPICIOUS_MOVE = YES;
				CLANG_WARN_UNGUARDED_AVAILABILITY = YES_AGGRESSIVE;
				CLANG_WARN_UNREACHABLE_CODE = YES;
				CLANG_WARN__DUPLICATE_METHOD_MATCH = YES;
				COPY_PHASE_STRIP = NO;
				DEBUG_INFORMATION_FORMAT = "dwarf-with-dsym";
				ENABLE_NS_ASSERTIONS = NO;
				ENABLE_STRICT_OBJC_MSGSEND = YES;
				ENABLE_USER_SCRIPT_SANDBOXING = YES;
				GCC_C_LANGUAGE_STANDARD = gnu17;
				GCC_NO_COMMON_BLOCKS = YES;
				GCC_WARN_64_TO_32_BIT_CONVERSION = YES;
				GCC_WARN_ABOUT_RETURN_TYPE = YES_ERROR;
				GCC_WARN_UNDECLARED_SELECTOR = YES;
				GCC_WARN_UNINITIALIZED_AUTOS = YES_AGGRESSIVE;
				GCC_WARN_UNUSED_FUNCTION = YES;
				GCC_WARN_UNUSED_VARIABLE = YES;
				IPHONEOS_DEPLOYMENT_TARGET = 18.2;
				LOCALIZATION_PREFERS_STRING_CATALOGS = YES;
				MTL_ENABLE_DEBUG_INFO = NO;
				MTL_FAST_MATH = YES;
				SDKROOT = iphoneos;
				SWIFT_COMPILATION_MODE = wholemodule;
				VALIDATE_PRODUCT = YES;
			};
			name = Release;
		};
		314B753D2DC225B70045510C /* Debug */ = {
			isa = XCBuildConfiguration;
			buildSettings = {
				ASSETCATALOG_COMPILER_APPICON_NAME = AppIcon;
				ASSETCATALOG_COMPILER_GLOBAL_ACCENT_COLOR_NAME = AccentColor;
				CODE_SIGN_ENTITLEMENTS = CityScout/CityScout.entitlements;
				CODE_SIGN_IDENTITY = "Apple Development";
				CODE_SIGN_STYLE = Automatic;
				CURRENT_PROJECT_VERSION = 1;
				DEVELOPMENT_ASSET_PATHS = "\"CityScout/Preview Content\"";
				DEVELOPMENT_TEAM = 98Y9H545L4;
				ENABLE_PREVIEWS = YES;
				GENERATE_INFOPLIST_FILE = YES;
				INFOPLIST_FILE = CityScout/Info.plist;
				INFOPLIST_KEY_UIApplicationSceneManifest_Generation = YES;
				INFOPLIST_KEY_UIApplicationSupportsIndirectInputEvents = YES;
				INFOPLIST_KEY_UILaunchScreen_Generation = YES;
				INFOPLIST_KEY_UISupportedInterfaceOrientations_iPad = "UIInterfaceOrientationPortrait UIInterfaceOrientationPortraitUpsideDown UIInterfaceOrientationLandscapeLeft UIInterfaceOrientationLandscapeRight";
				INFOPLIST_KEY_UISupportedInterfaceOrientations_iPhone = "UIInterfaceOrientationPortrait UIInterfaceOrientationLandscapeLeft UIInterfaceOrientationLandscapeRight";
				LD_RUNPATH_SEARCH_PATHS = (
					"$(inherited)",
					"@executable_path/Frameworks",
				);
				MARKETING_VERSION = 1.0;
				PRODUCT_BUNDLE_IDENTIFIER = rw.apple.cityscout.CityScout;
				PRODUCT_NAME = "$(TARGET_NAME)";
				PROVISIONING_PROFILE_SPECIFIER = "";
				SWIFT_EMIT_LOC_STRINGS = YES;
				SWIFT_VERSION = 5.0;
				TARGETED_DEVICE_FAMILY = "1,2";
			};
			name = Debug;
		};
		314B753E2DC225B70045510C /* Release */ = {
			isa = XCBuildConfiguration;
			buildSettings = {
				ASSETCATALOG_COMPILER_APPICON_NAME = AppIcon;
				ASSETCATALOG_COMPILER_GLOBAL_ACCENT_COLOR_NAME = AccentColor;
				CODE_SIGN_ENTITLEMENTS = CityScout/CityScout.entitlements;
				CODE_SIGN_IDENTITY = "Apple Development";
				CODE_SIGN_STYLE = Automatic;
				CURRENT_PROJECT_VERSION = 1;
				DEVELOPMENT_ASSET_PATHS = "\"CityScout/Preview Content\"";
				DEVELOPMENT_TEAM = 98Y9H545L4;
				ENABLE_PREVIEWS = YES;
				GENERATE_INFOPLIST_FILE = YES;
				INFOPLIST_FILE = CityScout/Info.plist;
				INFOPLIST_KEY_UIApplicationSceneManifest_Generation = YES;
				INFOPLIST_KEY_UIApplicationSupportsIndirectInputEvents = YES;
				INFOPLIST_KEY_UILaunchScreen_Generation = YES;
				INFOPLIST_KEY_UISupportedInterfaceOrientations_iPad = "UIInterfaceOrientationPortrait UIInterfaceOrientationPortraitUpsideDown UIInterfaceOrientationLandscapeLeft UIInterfaceOrientationLandscapeRight";
				INFOPLIST_KEY_UISupportedInterfaceOrientations_iPhone = "UIInterfaceOrientationPortrait UIInterfaceOrientationLandscapeLeft UIInterfaceOrientationLandscapeRight";
				LD_RUNPATH_SEARCH_PATHS = (
					"$(inherited)",
					"@executable_path/Frameworks",
				);
				MARKETING_VERSION = 1.0;
				PRODUCT_BUNDLE_IDENTIFIER = rw.apple.cityscout.CityScout;
				PRODUCT_NAME = "$(TARGET_NAME)";
				PROVISIONING_PROFILE_SPECIFIER = "";
				SWIFT_EMIT_LOC_STRINGS = YES;
				SWIFT_VERSION = 5.0;
				TARGETED_DEVICE_FAMILY = "1,2";
			};
			name = Release;
		};
		314B75402DC225B70045510C /* Debug */ = {
			isa = XCBuildConfiguration;
			buildSettings = {
				BUNDLE_LOADER = "$(TEST_HOST)";
				CODE_SIGN_STYLE = Automatic;
				CURRENT_PROJECT_VERSION = 1;
				DEVELOPMENT_TEAM = 98Y9H545L4;
				GENERATE_INFOPLIST_FILE = YES;
				IPHONEOS_DEPLOYMENT_TARGET = 18.2;
				MARKETING_VERSION = 1.0;
				PRODUCT_BUNDLE_IDENTIFIER = rw.apple.cityscout.CityScoutTests;
				PRODUCT_NAME = "$(TARGET_NAME)";
				SWIFT_EMIT_LOC_STRINGS = NO;
				SWIFT_VERSION = 5.0;
				TARGETED_DEVICE_FAMILY = "1,2";
				TEST_HOST = "$(BUILT_PRODUCTS_DIR)/CityScout.app/$(BUNDLE_EXECUTABLE_FOLDER_PATH)/CityScout";
			};
			name = Debug;
		};
		314B75412DC225B70045510C /* Release */ = {
			isa = XCBuildConfiguration;
			buildSettings = {
				BUNDLE_LOADER = "$(TEST_HOST)";
				CODE_SIGN_STYLE = Automatic;
				CURRENT_PROJECT_VERSION = 1;
				DEVELOPMENT_TEAM = 98Y9H545L4;
				GENERATE_INFOPLIST_FILE = YES;
				IPHONEOS_DEPLOYMENT_TARGET = 18.2;
				MARKETING_VERSION = 1.0;
				PRODUCT_BUNDLE_IDENTIFIER = rw.apple.cityscout.CityScoutTests;
				PRODUCT_NAME = "$(TARGET_NAME)";
				SWIFT_EMIT_LOC_STRINGS = NO;
				SWIFT_VERSION = 5.0;
				TARGETED_DEVICE_FAMILY = "1,2";
				TEST_HOST = "$(BUILT_PRODUCTS_DIR)/CityScout.app/$(BUNDLE_EXECUTABLE_FOLDER_PATH)/CityScout";
			};
			name = Release;
		};
		314B75432DC225B70045510C /* Debug */ = {
			isa = XCBuildConfiguration;
			buildSettings = {
				CODE_SIGN_STYLE = Automatic;
				CURRENT_PROJECT_VERSION = 1;
				DEVELOPMENT_TEAM = 98Y9H545L4;
				GENERATE_INFOPLIST_FILE = YES;
				MARKETING_VERSION = 1.0;
				PRODUCT_BUNDLE_IDENTIFIER = rw.apple.cityscout.CityScoutUITests;
				PRODUCT_NAME = "$(TARGET_NAME)";
				SWIFT_EMIT_LOC_STRINGS = NO;
				SWIFT_VERSION = 5.0;
				TARGETED_DEVICE_FAMILY = "1,2";
				TEST_TARGET_NAME = CityScout;
			};
			name = Debug;
		};
		314B75442DC225B70045510C /* Release */ = {
			isa = XCBuildConfiguration;
			buildSettings = {
				CODE_SIGN_STYLE = Automatic;
				CURRENT_PROJECT_VERSION = 1;
				DEVELOPMENT_TEAM = 98Y9H545L4;
				GENERATE_INFOPLIST_FILE = YES;
				MARKETING_VERSION = 1.0;
				PRODUCT_BUNDLE_IDENTIFIER = rw.apple.cityscout.CityScoutUITests;
				PRODUCT_NAME = "$(TARGET_NAME)";
				SWIFT_EMIT_LOC_STRINGS = NO;
				SWIFT_VERSION = 5.0;
				TARGETED_DEVICE_FAMILY = "1,2";
				TEST_TARGET_NAME = CityScout;
			};
			name = Release;
		};
/* End XCBuildConfiguration section */

/* Begin XCConfigurationList section */
		314B75132DC225B60045510C /* Build configuration list for PBXProject "CityScout" */ = {
			isa = XCConfigurationList;
			buildConfigurations = (
				314B753A2DC225B70045510C /* Debug */,
				314B753B2DC225B70045510C /* Release */,
			);
			defaultConfigurationIsVisible = 0;
			defaultConfigurationName = Release;
		};
		314B753C2DC225B70045510C /* Build configuration list for PBXNativeTarget "CityScout" */ = {
			isa = XCConfigurationList;
			buildConfigurations = (
				314B753D2DC225B70045510C /* Debug */,
				314B753E2DC225B70045510C /* Release */,
			);
			defaultConfigurationIsVisible = 0;
			defaultConfigurationName = Release;
		};
		314B753F2DC225B70045510C /* Build configuration list for PBXNativeTarget "CityScoutTests" */ = {
			isa = XCConfigurationList;
			buildConfigurations = (
				314B75402DC225B70045510C /* Debug */,
				314B75412DC225B70045510C /* Release */,
			);
			defaultConfigurationIsVisible = 0;
			defaultConfigurationName = Release;
		};
		314B75422DC225B70045510C /* Build configuration list for PBXNativeTarget "CityScoutUITests" */ = {
			isa = XCConfigurationList;
			buildConfigurations = (
				314B75432DC225B70045510C /* Debug */,
				314B75442DC225B70045510C /* Release */,
			);
			defaultConfigurationIsVisible = 0;
			defaultConfigurationName = Release;
		};
/* End XCConfigurationList section */

/* Begin XCRemoteSwiftPackageReference section */
		313433982DCCDD5B00D0C950 /* XCRemoteSwiftPackageReference "facebook-ios-sdk" */ = {
			isa = XCRemoteSwiftPackageReference;
			repositoryURL = "https://github.com/facebook/facebook-ios-sdk.git";
			requirement = {
				kind = upToNextMajorVersion;
				minimumVersion = 14.1.0;
			};
		};
		314B75772DC22C1E0045510C /* XCRemoteSwiftPackageReference "firebase-ios-sdk" */ = {
			isa = XCRemoteSwiftPackageReference;
			repositoryURL = "https://github.com/firebase/firebase-ios-sdk";
			requirement = {
				kind = upToNextMajorVersion;
				minimumVersion = 11.12.0;
			};
		};
		314B759E2DC22F820045510C /* XCRemoteSwiftPackageReference "GoogleSignIn-iOS" */ = {
			isa = XCRemoteSwiftPackageReference;
			repositoryURL = "https://github.com/google/GoogleSignIn-iOS";
			requirement = {
				kind = upToNextMajorVersion;
				minimumVersion = 8.0.0;
			};
		};
		318E42252DE483C100EE47F5 /* XCRemoteSwiftPackageReference "Kingfisher" */ = {
			isa = XCRemoteSwiftPackageReference;
			repositoryURL = "https://github.com/onevcat/Kingfisher.git";
			requirement = {
				kind = upToNextMajorVersion;
				minimumVersion = 8.3.2;
			};
		};
/* End XCRemoteSwiftPackageReference section */

/* Begin XCSwiftPackageProductDependency section */
		313433992DCCDD5B00D0C950 /* FacebookCore */ = {
			isa = XCSwiftPackageProductDependency;
			package = 313433982DCCDD5B00D0C950 /* XCRemoteSwiftPackageReference "facebook-ios-sdk" */;
			productName = FacebookCore;
		};
		3134339B2DCCDD5B00D0C950 /* FacebookGamingServices */ = {
			isa = XCSwiftPackageProductDependency;
			package = 313433982DCCDD5B00D0C950 /* XCRemoteSwiftPackageReference "facebook-ios-sdk" */;
			productName = FacebookGamingServices;
		};
		3134339D2DCCDD5B00D0C950 /* FacebookLogin */ = {
			isa = XCSwiftPackageProductDependency;
			package = 313433982DCCDD5B00D0C950 /* XCRemoteSwiftPackageReference "facebook-ios-sdk" */;
			productName = FacebookLogin;
		};
		3134339F2DCCDD5B00D0C950 /* FacebookShare */ = {
			isa = XCSwiftPackageProductDependency;
			package = 313433982DCCDD5B00D0C950 /* XCRemoteSwiftPackageReference "facebook-ios-sdk" */;
			productName = FacebookShare;
		};
		314B75782DC22C1E0045510C /* FirebaseAnalytics */ = {
			isa = XCSwiftPackageProductDependency;
			package = 314B75772DC22C1E0045510C /* XCRemoteSwiftPackageReference "firebase-ios-sdk" */;
			productName = FirebaseAnalytics;
		};
		314B757A2DC22C1E0045510C /* FirebaseAnalyticsOnDeviceConversion */ = {
			isa = XCSwiftPackageProductDependency;
			package = 314B75772DC22C1E0045510C /* XCRemoteSwiftPackageReference "firebase-ios-sdk" */;
			productName = FirebaseAnalyticsOnDeviceConversion;
		};
		314B757C2DC22C1E0045510C /* FirebaseAnalyticsWithoutAdIdSupport */ = {
			isa = XCSwiftPackageProductDependency;
			package = 314B75772DC22C1E0045510C /* XCRemoteSwiftPackageReference "firebase-ios-sdk" */;
			productName = FirebaseAnalyticsWithoutAdIdSupport;
		};
		314B757E2DC22C1E0045510C /* FirebaseAppCheck */ = {
			isa = XCSwiftPackageProductDependency;
			package = 314B75772DC22C1E0045510C /* XCRemoteSwiftPackageReference "firebase-ios-sdk" */;
			productName = FirebaseAppCheck;
		};
		314B75802DC22C1E0045510C /* FirebaseAppDistribution-Beta */ = {
			isa = XCSwiftPackageProductDependency;
			package = 314B75772DC22C1E0045510C /* XCRemoteSwiftPackageReference "firebase-ios-sdk" */;
			productName = "FirebaseAppDistribution-Beta";
		};
		314B75822DC22C1E0045510C /* FirebaseAuth */ = {
			isa = XCSwiftPackageProductDependency;
			package = 314B75772DC22C1E0045510C /* XCRemoteSwiftPackageReference "firebase-ios-sdk" */;
			productName = FirebaseAuth;
		};
		314B75842DC22C1E0045510C /* FirebaseAuthCombine-Community */ = {
			isa = XCSwiftPackageProductDependency;
			package = 314B75772DC22C1E0045510C /* XCRemoteSwiftPackageReference "firebase-ios-sdk" */;
			productName = "FirebaseAuthCombine-Community";
		};
		314B75862DC22C1E0045510C /* FirebaseCore */ = {
			isa = XCSwiftPackageProductDependency;
			package = 314B75772DC22C1E0045510C /* XCRemoteSwiftPackageReference "firebase-ios-sdk" */;
			productName = FirebaseCore;
		};
		314B75882DC22C1E0045510C /* FirebaseCrashlytics */ = {
			isa = XCSwiftPackageProductDependency;
			package = 314B75772DC22C1E0045510C /* XCRemoteSwiftPackageReference "firebase-ios-sdk" */;
			productName = FirebaseCrashlytics;
		};
		314B758A2DC22C1E0045510C /* FirebaseDatabase */ = {
			isa = XCSwiftPackageProductDependency;
			package = 314B75772DC22C1E0045510C /* XCRemoteSwiftPackageReference "firebase-ios-sdk" */;
			productName = FirebaseDatabase;
		};
		314B758C2DC22C1E0045510C /* FirebaseDynamicLinks */ = {
			isa = XCSwiftPackageProductDependency;
			package = 314B75772DC22C1E0045510C /* XCRemoteSwiftPackageReference "firebase-ios-sdk" */;
			productName = FirebaseDynamicLinks;
		};
		314B758E2DC22C1E0045510C /* FirebaseFirestore */ = {
			isa = XCSwiftPackageProductDependency;
			package = 314B75772DC22C1E0045510C /* XCRemoteSwiftPackageReference "firebase-ios-sdk" */;
			productName = FirebaseFirestore;
		};
		314B75902DC22C1E0045510C /* FirebaseFirestoreCombine-Community */ = {
			isa = XCSwiftPackageProductDependency;
			package = 314B75772DC22C1E0045510C /* XCRemoteSwiftPackageReference "firebase-ios-sdk" */;
			productName = "FirebaseFirestoreCombine-Community";
		};
		314B75922DC22C1E0045510C /* FirebaseFunctions */ = {
			isa = XCSwiftPackageProductDependency;
			package = 314B75772DC22C1E0045510C /* XCRemoteSwiftPackageReference "firebase-ios-sdk" */;
			productName = FirebaseFunctions;
		};
		314B75942DC22C1E0045510C /* FirebaseFunctionsCombine-Community */ = {
			isa = XCSwiftPackageProductDependency;
			package = 314B75772DC22C1E0045510C /* XCRemoteSwiftPackageReference "firebase-ios-sdk" */;
			productName = "FirebaseFunctionsCombine-Community";
		};
		314B75962DC22C1E0045510C /* FirebaseInAppMessaging-Beta */ = {
			isa = XCSwiftPackageProductDependency;
			package = 314B75772DC22C1E0045510C /* XCRemoteSwiftPackageReference "firebase-ios-sdk" */;
			productName = "FirebaseInAppMessaging-Beta";
		};
		314B75982DC22C1E0045510C /* FirebaseStorage */ = {
			isa = XCSwiftPackageProductDependency;
			package = 314B75772DC22C1E0045510C /* XCRemoteSwiftPackageReference "firebase-ios-sdk" */;
			productName = FirebaseStorage;
		};
		314B759A2DC22C1E0045510C /* FirebaseStorageCombine-Community */ = {
			isa = XCSwiftPackageProductDependency;
			package = 314B75772DC22C1E0045510C /* XCRemoteSwiftPackageReference "firebase-ios-sdk" */;
			productName = "FirebaseStorageCombine-Community";
		};
		314B759C2DC22C1E0045510C /* FirebaseVertexAI */ = {
			isa = XCSwiftPackageProductDependency;
			package = 314B75772DC22C1E0045510C /* XCRemoteSwiftPackageReference "firebase-ios-sdk" */;
			productName = FirebaseVertexAI;
		};
		314B759F2DC22F820045510C /* GoogleSignIn */ = {
			isa = XCSwiftPackageProductDependency;
			package = 314B759E2DC22F820045510C /* XCRemoteSwiftPackageReference "GoogleSignIn-iOS" */;
			productName = GoogleSignIn;
		};
		314B75A12DC22F820045510C /* GoogleSignInSwift */ = {
			isa = XCSwiftPackageProductDependency;
			package = 314B759E2DC22F820045510C /* XCRemoteSwiftPackageReference "GoogleSignIn-iOS" */;
			productName = GoogleSignInSwift;
		};
		315840002DDCD6870080BF35 /* FacebookBasics */ = {
			isa = XCSwiftPackageProductDependency;
			package = 313433982DCCDD5B00D0C950 /* XCRemoteSwiftPackageReference "facebook-ios-sdk" */;
			productName = FacebookBasics;
		};
		315840022DDCD8E10080BF35 /* FacebookAEM */ = {
			isa = XCSwiftPackageProductDependency;
			package = 313433982DCCDD5B00D0C950 /* XCRemoteSwiftPackageReference "facebook-ios-sdk" */;
			productName = FacebookAEM;
		};
		318E42262DE483C100EE47F5 /* Kingfisher */ = {
			isa = XCSwiftPackageProductDependency;
			package = 318E42252DE483C100EE47F5 /* XCRemoteSwiftPackageReference "Kingfisher" */;
			productName = Kingfisher;
		};
/* End XCSwiftPackageProductDependency section */
	};
	rootObject = 314B75102DC225B60045510C /* Project object */;
}
